
Microsoft Visual Studio Solution File, Format Version 12.00
# Visual Studio Version 17
VisualStudioVersion = 17.3.32804.467
MinimumVisualStudioVersion = 10.0.40219.1
Project("{FAE04EC0-301F-11D3-BF4B-00C04F79EFBC}") = "ConsoleSweeper", "ConsoleSweeper\ConsoleSweeper.csproj", "{CCF8DD8C-F320-48AE-8A65-A94464D0601A}"
EndProject
Global
	GlobalSection(SolutionConfigurationPlatforms) = preSolution
		Debug|Any CPU = Debug|Any CPU
		Release|Any CPU = Release|Any CPU
	EndGlobalSection
	GlobalSection(ProjectConfigurationPlatforms) = postSolution
		{CCF8DD8C-F320-48AE-8A65-A94464D0601A}.Debug|Any CPU.ActiveCfg = Debug|Any CPU
		{CCF8DD8C-F320-48AE-8A65-A94464D0601A}.Debug|Any CPU.Build.0 = Debug|Any CPU
		{CCF8DD8C-F320-48AE-8A65-A94464D0601A}.Release|Any CPU.ActiveCfg = Release|Any CPU
		{CCF8DD8C-F320-48AE-8A65-A94464D0601A}.Release|Any CPU.Build.0 = Release|Any CPU
	EndGlobalSection
	GlobalSection(SolutionProperties) = preSolution
		HideSolutionNode = FALSE
	EndGlobalSection
	GlobalSection(ExtensibilityGlobals) = postSolution
		SolutionGuid = {B7A64F72-AB22-4C7D-A682-C2C93FD28FCC}
	EndGlobalSection
EndGlobal
